
Microsoft Visual Studio Solution File, Format Version 12.00
# Visual Studio 15
VisualStudioVersion = 15.0.28307.421
MinimumVisualStudioVersion = 10.0.40219.1
Project("{FAE04EC0-301F-11D3-BF4B-00C04F79EFBC}") = "MVCstudent", "MVCstudent\MVCstudent.csproj", "{A2B15597-A4B0-478C-A000-4BA805592C4B}"
EndProject
Global
	GlobalSection(SolutionConfigurationPlatforms) = preSolution
		Debug|Any CPU = Debug|Any CPU
		Release|Any CPU = Release|Any CPU
	EndGlobalSection
	GlobalSection(ProjectConfigurationPlatforms) = postSolution
		{A2B15597-A4B0-478C-A000-4BA805592C4B}.Debug|Any CPU.ActiveCfg = Debug|Any CPU
		{A2B15597-A4B0-478C-A000-4BA805592C4B}.Debug|Any CPU.Build.0 = Debug|Any CPU
		{A2B15597-A4B0-478C-A000-4BA805592C4B}.Release|Any CPU.ActiveCfg = Release|Any CPU
		{A2B15597-A4B0-478C-A000-4BA805592C4B}.Release|Any CPU.Build.0 = Release|Any CPU
	EndGlobalSection
	GlobalSection(SolutionProperties) = preSolution
		HideSolutionNode = FALSE
	EndGlobalSection
	GlobalSection(ExtensibilityGlobals) = postSolution
		SolutionGuid = {82F48E81-9869-4672-BF1C-5E8CD44FD958}
	EndGlobalSection
EndGlobal
